
Microsoft Visual Studio Solution File, Format Version 12.00
# Visual Studio 15
VisualStudioVersion = 15.0.28010.2016
MinimumVisualStudioVersion = 10.0.40219.1
Project("{FAE04EC0-301F-11D3-BF4B-00C04F79EFBC}") = "task11", "task11\task11.csproj", "{45358D42-0662-43A9-873E-E3655DB1418E}"
EndProject
Global
	GlobalSection(SolutionConfigurationPlatforms) = preSolution
		Debug|Any CPU = Debug|Any CPU
		Release|Any CPU = Release|Any CPU
	EndGlobalSection
	GlobalSection(ProjectConfigurationPlatforms) = postSolution
		{45358D42-0662-43A9-873E-E3655DB1418E}.Debug|Any CPU.ActiveCfg = Debug|Any CPU
		{45358D42-0662-43A9-873E-E3655DB1418E}.Debug|Any CPU.Build.0 = Debug|Any CPU
		{45358D42-0662-43A9-873E-E3655DB1418E}.Release|Any CPU.ActiveCfg = Release|Any CPU
		{45358D42-0662-43A9-873E-E3655DB1418E}.Release|Any CPU.Build.0 = Release|Any CPU
	EndGlobalSection
	GlobalSection(SolutionProperties) = preSolution
		HideSolutionNode = FALSE
	EndGlobalSection
	GlobalSection(ExtensibilityGlobals) = postSolution
		SolutionGuid = {D34D4F84-87BF-49FE-8B10-80588D7F4BFE}
	EndGlobalSection
EndGlobal
